
Microsoft Visual Studio Solution File, Format Version 12.00
# Visual Studio Version 16
VisualStudioVersion = 16.0.32901.82
MinimumVisualStudioVersion = 10.0.40219.1
Project("{FAE04EC0-301F-11D3-BF4B-00C04F79EFBC}") = "ProyectoDintNuno", "ProyectoDintNuno\ProyectoDintNuno.csproj", "{17EA48D0-D20C-4CEF-AACF-139CB2630A09}"
EndProject
Global
	GlobalSection(SolutionConfigurationPlatforms) = preSolution
		Debug|Any CPU = Debug|Any CPU
		Release|Any CPU = Release|Any CPU
	EndGlobalSection
	GlobalSection(ProjectConfigurationPlatforms) = postSolution
		{17EA48D0-D20C-4CEF-AACF-139CB2630A09}.Debug|Any CPU.ActiveCfg = Debug|Any CPU
		{17EA48D0-D20C-4CEF-AACF-139CB2630A09}.Debug|Any CPU.Build.0 = Debug|Any CPU
		{17EA48D0-D20C-4CEF-AACF-139CB2630A09}.Release|Any CPU.ActiveCfg = Release|Any CPU
		{17EA48D0-D20C-4CEF-AACF-139CB2630A09}.Release|Any CPU.Build.0 = Release|Any CPU
	EndGlobalSection
	GlobalSection(SolutionProperties) = preSolution
		HideSolutionNode = FALSE
	EndGlobalSection
	GlobalSection(ExtensibilityGlobals) = postSolution
		SolutionGuid = {7C30E3FA-5CD2-487A-BC80-3F0639841F4B}
	EndGlobalSection
EndGlobal
